
Microsoft Visual Studio Solution File, Format Version 12.00
# Visual Studio Version 17
VisualStudioVersion = 17.1.32210.238
MinimumVisualStudioVersion = 10.0.40219.1
Project("{FAE04EC0-301F-11D3-BF4B-00C04F79EFBC}") = "MyFirstMLApp", "MyFirstMLApp\MyFirstMLApp.csproj", "{AD03BF26-AF02-4341-AA90-D4EBFD523562}"
EndProject
Global
	GlobalSection(SolutionConfigurationPlatforms) = preSolution
		Debug|Any CPU = Debug|Any CPU
		Release|Any CPU = Release|Any CPU
	EndGlobalSection
	GlobalSection(ProjectConfigurationPlatforms) = postSolution
		{AD03BF26-AF02-4341-AA90-D4EBFD523562}.Debug|Any CPU.ActiveCfg = Debug|Any CPU
		{AD03BF26-AF02-4341-AA90-D4EBFD523562}.Debug|Any CPU.Build.0 = Debug|Any CPU
		{AD03BF26-AF02-4341-AA90-D4EBFD523562}.Release|Any CPU.ActiveCfg = Release|Any CPU
		{AD03BF26-AF02-4341-AA90-D4EBFD523562}.Release|Any CPU.Build.0 = Release|Any CPU
	EndGlobalSection
	GlobalSection(SolutionProperties) = preSolution
		HideSolutionNode = FALSE
	EndGlobalSection
	GlobalSection(ExtensibilityGlobals) = postSolution
		SolutionGuid = {5BC59ACC-204B-416B-B511-F9B46B177A19}
	EndGlobalSection
EndGlobal
